
Microsoft Visual Studio Solution File, Format Version 12.00
# Visual Studio Version 16
VisualStudioVersion = 16.0.31205.134
MinimumVisualStudioVersion = 10.0.40219.1
Project("{FAE04EC0-301F-11D3-BF4B-00C04F79EFBC}") = "WebApplication7", "WebApplication7.csproj", "{100903CD-3246-497A-A19E-ED1551B1F1BE}"
EndProject
Global
	GlobalSection(SolutionConfigurationPlatforms) = preSolution
		Debug|Any CPU = Debug|Any CPU
		Release|Any CPU = Release|Any CPU
	EndGlobalSection
	GlobalSection(ProjectConfigurationPlatforms) = postSolution
		{100903CD-3246-497A-A19E-ED1551B1F1BE}.Debug|Any CPU.ActiveCfg = Debug|Any CPU
		{100903CD-3246-497A-A19E-ED1551B1F1BE}.Debug|Any CPU.Build.0 = Debug|Any CPU
		{100903CD-3246-497A-A19E-ED1551B1F1BE}.Release|Any CPU.ActiveCfg = Release|Any CPU
		{100903CD-3246-497A-A19E-ED1551B1F1BE}.Release|Any CPU.Build.0 = Release|Any CPU
	EndGlobalSection
	GlobalSection(SolutionProperties) = preSolution
		HideSolutionNode = FALSE
	EndGlobalSection
	GlobalSection(ExtensibilityGlobals) = postSolution
		SolutionGuid = {26866AF5-51B0-4D07-96E5-0FB4ABA0DE10}
	EndGlobalSection
EndGlobal
